
Microsoft Visual Studio Solution File, Format Version 12.00
# Visual Studio Version 16
VisualStudioVersion = 16.0.31515.178
MinimumVisualStudioVersion = 10.0.40219.1
Project("{FAE04EC0-301F-11D3-BF4B-00C04F79EFBC}") = "ExerciseClasses", "ExerciseClasses\ExerciseClasses.csproj", "{DFA02971-38AD-40B5-AC32-CE156AEEC1A7}"
EndProject
Global
	GlobalSection(SolutionConfigurationPlatforms) = preSolution
		Debug|Any CPU = Debug|Any CPU
		Release|Any CPU = Release|Any CPU
	EndGlobalSection
	GlobalSection(ProjectConfigurationPlatforms) = postSolution
		{DFA02971-38AD-40B5-AC32-CE156AEEC1A7}.Debug|Any CPU.ActiveCfg = Debug|Any CPU
		{DFA02971-38AD-40B5-AC32-CE156AEEC1A7}.Debug|Any CPU.Build.0 = Debug|Any CPU
		{DFA02971-38AD-40B5-AC32-CE156AEEC1A7}.Release|Any CPU.ActiveCfg = Release|Any CPU
		{DFA02971-38AD-40B5-AC32-CE156AEEC1A7}.Release|Any CPU.Build.0 = Release|Any CPU
	EndGlobalSection
	GlobalSection(SolutionProperties) = preSolution
		HideSolutionNode = FALSE
	EndGlobalSection
	GlobalSection(ExtensibilityGlobals) = postSolution
		SolutionGuid = {C6A92ED0-0AF2-429D-A3AC-E7BC031EF213}
	EndGlobalSection
EndGlobal
